
Microsoft Visual Studio Solution File, Format Version 12.00
# Visual Studio Version 17
VisualStudioVersion = 17.12.35707.178
MinimumVisualStudioVersion = 10.0.40219.1
Project("{9092AA53-FB77-4645-B42D-1CCCA6BD08BD}") = "A2v10.Workflow.WebAssets", "A2v10.Workflow.WebAssets.njsproj", "{17183337-7E38-42AC-95E7-1DB00DEA3E41}"
EndProject
Global
	GlobalSection(SolutionConfigurationPlatforms) = preSolution
		Debug|Any CPU = Debug|Any CPU
		Release|Any CPU = Release|Any CPU
	EndGlobalSection
	GlobalSection(ProjectConfigurationPlatforms) = postSolution
		{17183337-7E38-42AC-95E7-1DB00DEA3E41}.Debug|Any CPU.ActiveCfg = Debug|Any CPU
		{17183337-7E38-42AC-95E7-1DB00DEA3E41}.Debug|Any CPU.Build.0 = Debug|Any CPU
		{17183337-7E38-42AC-95E7-1DB00DEA3E41}.Release|Any CPU.ActiveCfg = Release|Any CPU
		{17183337-7E38-42AC-95E7-1DB00DEA3E41}.Release|Any CPU.Build.0 = Release|Any CPU
	EndGlobalSection
	GlobalSection(SolutionProperties) = preSolution
		HideSolutionNode = FALSE
	EndGlobalSection
EndGlobal
